
Microsoft Visual Studio Solution File, Format Version 12.00
# Visual Studio Version 16
VisualStudioVersion = 16.0.29613.14
MinimumVisualStudioVersion = 10.0.40219.1
Project("{8BC9CEB8-8B4A-11D0-8D11-00A0C91BC942}") = "MessagesStaticLib", "MessagesStaticLib.vcxproj", "{87A342A1-3E66-4B86-A07B-0DDE31CC1692}"
EndProject
Global
	GlobalSection(SolutionConfigurationPlatforms) = preSolution
		Debug|x64 = Debug|x64
		Debug|x86 = Debug|x86
		Release|x64 = Release|x64
		Release|x86 = Release|x86
	EndGlobalSection
	GlobalSection(ProjectConfigurationPlatforms) = postSolution
		{87A342A1-3E66-4B86-A07B-0DDE31CC1692}.Debug|x64.ActiveCfg = Debug|x64
		{87A342A1-3E66-4B86-A07B-0DDE31CC1692}.Debug|x64.Build.0 = Debug|x64
		{87A342A1-3E66-4B86-A07B-0DDE31CC1692}.Debug|x86.ActiveCfg = Debug|Win32
		{87A342A1-3E66-4B86-A07B-0DDE31CC1692}.Debug|x86.Build.0 = Debug|Win32
		{87A342A1-3E66-4B86-A07B-0DDE31CC1692}.Release|x64.ActiveCfg = Release|x64
		{87A342A1-3E66-4B86-A07B-0DDE31CC1692}.Release|x64.Build.0 = Release|x64
		{87A342A1-3E66-4B86-A07B-0DDE31CC1692}.Release|x86.ActiveCfg = Release|Win32
		{87A342A1-3E66-4B86-A07B-0DDE31CC1692}.Release|x86.Build.0 = Release|Win32
	EndGlobalSection
	GlobalSection(SolutionProperties) = preSolution
		HideSolutionNode = FALSE
	EndGlobalSection
	GlobalSection(ExtensibilityGlobals) = postSolution
		SolutionGuid = {729F476B-355B-4152-A860-8F374BF4B6F0}
	EndGlobalSection
EndGlobal
